
Microsoft Visual Studio Solution File, Format Version 12.00
# Visual Studio 15
VisualStudioVersion = 15.0.27428.2027
MinimumVisualStudioVersion = 10.0.40219.1
Project("{FAE04EC0-301F-11D3-BF4B-00C04F79EFBC}") = "LS.CMS.Model", "LS.CMS.Model\LS.CMS.Model.csproj", "{D50A149D-4CD4-4199-939F-02085286E0BD}"
EndProject
Project("{FAE04EC0-301F-11D3-BF4B-00C04F79EFBC}") = "LS.CMS.Common", "LS.CMS.Common\LS.CMS.Common.csproj", "{1BD67499-9A0A-4912-A8B4-25B0ED824544}"
EndProject
Project("{FAE04EC0-301F-11D3-BF4B-00C04F79EFBC}") = "LS.CMS.DAL", "LS.CMS.DAL\LS.CMS.DAL.csproj", "{7E7DC441-B38B-4736-9F49-0B301E52DBF3}"
EndProject
Project("{FAE04EC0-301F-11D3-BF4B-00C04F79EFBC}") = "LS.CMS.BLL", "LS.CMS.BLL\LS.CMS.BLL.csproj", "{82C7A8B7-7278-4ED0-B8F9-DAE8F0610F99}"
EndProject
Project("{FAE04EC0-301F-11D3-BF4B-00C04F79EFBC}") = "LS.CMS.Web", "LS.CMS.Web\LS.CMS.Web.csproj", "{B3FBE33E-5B96-4EC6-AFC6-7678B1B17CBE}"
EndProject
Project("{FAE04EC0-301F-11D3-BF4B-00C04F79EFBC}") = "LS.CMS.DBUtility", "LS.CMS.DBUtility\LS.CMS.DBUtility.csproj", "{FA8AF493-9F8B-4B28-AD65-890D4BF8BCA6}"
EndProject
Project("{FAE04EC0-301F-11D3-BF4B-00C04F79EFBC}") = "LS.CMS.Domain", "LS.CMS.Domain\LS.CMS.Domain.csproj", "{A2900907-CF8A-4BAE-B92B-9208893538E9}"
EndProject
Global
	GlobalSection(SolutionConfigurationPlatforms) = preSolution
		Debug|Any CPU = Debug|Any CPU
		Release|Any CPU = Release|Any CPU
	EndGlobalSection
	GlobalSection(ProjectConfigurationPlatforms) = postSolution
		{D50A149D-4CD4-4199-939F-02085286E0BD}.Debug|Any CPU.ActiveCfg = Debug|Any CPU
		{D50A149D-4CD4-4199-939F-02085286E0BD}.Debug|Any CPU.Build.0 = Debug|Any CPU
		{D50A149D-4CD4-4199-939F-02085286E0BD}.Release|Any CPU.ActiveCfg = Release|Any CPU
		{D50A149D-4CD4-4199-939F-02085286E0BD}.Release|Any CPU.Build.0 = Release|Any CPU
		{1BD67499-9A0A-4912-A8B4-25B0ED824544}.Debug|Any CPU.ActiveCfg = Debug|Any CPU
		{1BD67499-9A0A-4912-A8B4-25B0ED824544}.Debug|Any CPU.Build.0 = Debug|Any CPU
		{1BD67499-9A0A-4912-A8B4-25B0ED824544}.Release|Any CPU.ActiveCfg = Release|Any CPU
		{1BD67499-9A0A-4912-A8B4-25B0ED824544}.Release|Any CPU.Build.0 = Release|Any CPU
		{7E7DC441-B38B-4736-9F49-0B301E52DBF3}.Debug|Any CPU.ActiveCfg = Debug|Any CPU
		{7E7DC441-B38B-4736-9F49-0B301E52DBF3}.Debug|Any CPU.Build.0 = Debug|Any CPU
		{7E7DC441-B38B-4736-9F49-0B301E52DBF3}.Release|Any CPU.ActiveCfg = Release|Any CPU
		{7E7DC441-B38B-4736-9F49-0B301E52DBF3}.Release|Any CPU.Build.0 = Release|Any CPU
		{82C7A8B7-7278-4ED0-B8F9-DAE8F0610F99}.Debug|Any CPU.ActiveCfg = Debug|Any CPU
		{82C7A8B7-7278-4ED0-B8F9-DAE8F0610F99}.Debug|Any CPU.Build.0 = Debug|Any CPU
		{82C7A8B7-7278-4ED0-B8F9-DAE8F0610F99}.Release|Any CPU.ActiveCfg = Release|Any CPU
		{82C7A8B7-7278-4ED0-B8F9-DAE8F0610F99}.Release|Any CPU.Build.0 = Release|Any CPU
		{B3FBE33E-5B96-4EC6-AFC6-7678B1B17CBE}.Debug|Any CPU.ActiveCfg = Debug|Any CPU
		{B3FBE33E-5B96-4EC6-AFC6-7678B1B17CBE}.Debug|Any CPU.Build.0 = Debug|Any CPU
		{B3FBE33E-5B96-4EC6-AFC6-7678B1B17CBE}.Release|Any CPU.ActiveCfg = Release|Any CPU
		{B3FBE33E-5B96-4EC6-AFC6-7678B1B17CBE}.Release|Any CPU.Build.0 = Release|Any CPU
		{FA8AF493-9F8B-4B28-AD65-890D4BF8BCA6}.Debug|Any CPU.ActiveCfg = Debug|Any CPU
		{FA8AF493-9F8B-4B28-AD65-890D4BF8BCA6}.Debug|Any CPU.Build.0 = Debug|Any CPU
		{FA8AF493-9F8B-4B28-AD65-890D4BF8BCA6}.Release|Any CPU.ActiveCfg = Release|Any CPU
		{FA8AF493-9F8B-4B28-AD65-890D4BF8BCA6}.Release|Any CPU.Build.0 = Release|Any CPU
		{A2900907-CF8A-4BAE-B92B-9208893538E9}.Debug|Any CPU.ActiveCfg = Debug|Any CPU
		{A2900907-CF8A-4BAE-B92B-9208893538E9}.Debug|Any CPU.Build.0 = Debug|Any CPU
		{A2900907-CF8A-4BAE-B92B-9208893538E9}.Release|Any CPU.ActiveCfg = Release|Any CPU
		{A2900907-CF8A-4BAE-B92B-9208893538E9}.Release|Any CPU.Build.0 = Release|Any CPU
	EndGlobalSection
	GlobalSection(SolutionProperties) = preSolution
		HideSolutionNode = FALSE
	EndGlobalSection
	GlobalSection(ExtensibilityGlobals) = postSolution
		SolutionGuid = {BEDA298B-50E7-4FFC-B8BB-8074BCE33D32}
	EndGlobalSection
EndGlobal
